
Microsoft Visual Studio Solution File, Format Version 12.00
# Visual Studio Version 17
VisualStudioVersion = 17.7.34221.43
MinimumVisualStudioVersion = 10.0.40219.1
Project("{FAE04EC0-301F-11D3-BF4B-00C04F79EFBC}") = "PrimeiroProjeto", "PrimeiroProjeto\PrimeiroProjeto.csproj", "{73A237CF-2769-486D-87A2-0586136A933D}"
EndProject
Global
	GlobalSection(SolutionConfigurationPlatforms) = preSolution
		Debug|Any CPU = Debug|Any CPU
		Release|Any CPU = Release|Any CPU
	EndGlobalSection
	GlobalSection(ProjectConfigurationPlatforms) = postSolution
		{73A237CF-2769-486D-87A2-0586136A933D}.Debug|Any CPU.ActiveCfg = Debug|Any CPU
		{73A237CF-2769-486D-87A2-0586136A933D}.Debug|Any CPU.Build.0 = Debug|Any CPU
		{73A237CF-2769-486D-87A2-0586136A933D}.Release|Any CPU.ActiveCfg = Release|Any CPU
		{73A237CF-2769-486D-87A2-0586136A933D}.Release|Any CPU.Build.0 = Release|Any CPU
	EndGlobalSection
	GlobalSection(SolutionProperties) = preSolution
		HideSolutionNode = FALSE
	EndGlobalSection
	GlobalSection(ExtensibilityGlobals) = postSolution
		SolutionGuid = {75257C91-973C-4620-ACBF-DF68DCA9EF52}
	EndGlobalSection
EndGlobal
