
Microsoft Visual Studio Solution File, Format Version 12.00
# Visual Studio Version 17
VisualStudioVersion = 17.7.34221.43
MinimumVisualStudioVersion = 10.0.40219.1
Project("{FAE04EC0-301F-11D3-BF4B-00C04F79EFBC}") = "ConversaoCasting", "ConversaoCasting\ConversaoCasting.csproj", "{B7372CCC-AC07-40D8-8130-AE2BA6900B91}"
EndProject
Global
	GlobalSection(SolutionConfigurationPlatforms) = preSolution
		Debug|Any CPU = Debug|Any CPU
		Release|Any CPU = Release|Any CPU
	EndGlobalSection
	GlobalSection(ProjectConfigurationPlatforms) = postSolution
		{B7372CCC-AC07-40D8-8130-AE2BA6900B91}.Debug|Any CPU.ActiveCfg = Debug|Any CPU
		{B7372CCC-AC07-40D8-8130-AE2BA6900B91}.Debug|Any CPU.Build.0 = Debug|Any CPU
		{B7372CCC-AC07-40D8-8130-AE2BA6900B91}.Release|Any CPU.ActiveCfg = Release|Any CPU
		{B7372CCC-AC07-40D8-8130-AE2BA6900B91}.Release|Any CPU.Build.0 = Release|Any CPU
	EndGlobalSection
	GlobalSection(SolutionProperties) = preSolution
		HideSolutionNode = FALSE
	EndGlobalSection
	GlobalSection(ExtensibilityGlobals) = postSolution
		SolutionGuid = {2FDC0274-DA6D-4EA0-B57D-21AB9D466709}
	EndGlobalSection
EndGlobal
